// !$*UTF8*$!
{
	archiveVersion = 1;
	classes = {
	};
	objectVersion = 46;
	objects = {

/* Begin PBXBuildFile section */
		24036834216DCC3800BFA26C /* r4.mp3 in Resources */ = {isa = PBXBuildFile; fileRef = 24036833216DCC3800BFA26C /* r4.mp3 */; };
		24BA0E3A215B2249005523C3 /* AppDelegate.swift in Sources */ = {isa = PBXBuildFile; fileRef = 24BA0E39215B2249005523C3 /* AppDelegate.swift */; };
		24BA0E3C215B2249005523C3 /* GameScene.sks in Resources */ = {isa = PBXBuildFile; fileRef = 24BA0E3B215B2249005523C3 /* GameScene.sks */; };
		24BA0E3E215B2249005523C3 /* Actions.sks in Resources */ = {isa = PBXBuildFile; fileRef = 24BA0E3D215B2249005523C3 /* Actions.sks */; };
		24BA0E40215B2249005523C3 /* GameScene.swift in Sources */ = {isa = PBXBuildFile; fileRef = 24BA0E3F215B2249005523C3 /* GameScene.swift */; };
		24BA0E42215B2249005523C3 /* GameViewController.swift in Sources */ = {isa = PBXBuildFile; fileRef = 24BA0E41215B2249005523C3 /* GameViewController.swift */; };
		24BA0E45215B2249005523C3 /* Main.storyboard in Resources */ = {isa = PBXBuildFile; fileRef = 24BA0E43215B2249005523C3 /* Main.storyboard */; };
		24BA0E47215B2249005523C3 /* Assets.xcassets in Resources */ = {isa = PBXBuildFile; fileRef = 24BA0E46215B2249005523C3 /* Assets.xcassets */; };
		24BA0E4A215B2249005523C3 /* LaunchScreen.storyboard in Resources */ = {isa = PBXBuildFile; fileRef = 24BA0E48215B2249005523C3 /* LaunchScreen.storyboard */; };
		24BA0E55215B224A005523C3 /* escapeTests.swift in Sources */ = {isa = PBXBuildFile; fileRef = 24BA0E54215B224A005523C3 /* escapeTests.swift */; };
		24BA0E60215B224A005523C3 /* escapeUITests.swift in Sources */ = {isa = PBXBuildFile; fileRef = 24BA0E5F215B224A005523C3 /* escapeUITests.swift */; };
/* End PBXBuildFile section */

/* Begin PBXContainerItemProxy section */
		24BA0E51215B224A005523C3 /* PBXContainerItemProxy */ = {
			isa = PBXContainerItemProxy;
			containerPortal = 24BA0E2E215B2248005523C3 /* Project object */;
			proxyType = 1;
			remoteGlobalIDString = 24BA0E35215B2248005523C3;
			remoteInfo = escape;
		};
		24BA0E5C215B224A005523C3 /* PBXContainerItemProxy */ = {
			isa = PBXContainerItemProxy;
			containerPortal = 24BA0E2E215B2248005523C3 /* Project object */;
			proxyType = 1;
			remoteGlobalIDString = 24BA0E35215B2248005523C3;
			remoteInfo = escape;
		};
/* End PBXContainerItemProxy section */

/* Begin PBXFileReference section */
		24036833216DCC3800BFA26C /* r4.mp3 */ = {isa = PBXFileReference; lastKnownFileType = audio.mp3; path = r4.mp3; sourceTree = "<group>"; };
		24BA0E36215B2248005523C3 /* escape.app */ = {isa = PBXFileReference; explicitFileType = wrapper.application; includeInIndex = 0; path = escape.app; sourceTree = BUILT_PRODUCTS_DIR; };
		24BA0E39215B2249005523C3 /* AppDelegate.swift */ = {isa = PBXFileReference; lastKnownFileType = sourcecode.swift; path = AppDelegate.swift; sourceTree = "<group>"; };
		24BA0E3B215B2249005523C3 /* GameScene.sks */ = {isa = PBXFileReference; lastKnownFileType = file.sks; path = GameScene.sks; sourceTree = "<group>"; };
		24BA0E3D215B2249005523C3 /* Actions.sks */ = {isa = PBXFileReference; lastKnownFileType = file.sks; path = Actions.sks; sourceTree = "<group>"; };
		24BA0E3F215B2249005523C3 /* GameScene.swift */ = {isa = PBXFileReference; lastKnownFileType = sourcecode.swift; path = GameScene.swift; sourceTree = "<group>"; };
		24BA0E41215B2249005523C3 /* GameViewController.swift */ = {isa = PBXFileReference; lastKnownFileType = sourcecode.swift; path = GameViewController.swift; sourceTree = "<group>"; };
		24BA0E44215B2249005523C3 /* Base */ = {isa = PBXFileReference; lastKnownFileType = file.storyboard; name = Base; path = Base.lproj/Main.storyboard; sourceTree = "<group>"; };
		24BA0E46215B2249005523C3 /* Assets.xcassets */ = {isa = PBXFileReference; lastKnownFileType = folder.assetcatalog; path = Assets.xcassets; sourceTree = "<group>"; };
		24BA0E49215B2249005523C3 /* Base */ = {isa = PBXFileReference; lastKnownFileType = file.storyboard; name = Base; path = Base.lproj/LaunchScreen.storyboard; sourceTree = "<group>"; };
		24BA0E4B215B2249005523C3 /* Info.plist */ = {isa = PBXFileReference; lastKnownFileType = text.plist.xml; path = Info.plist; sourceTree = "<group>"; };
		24BA0E50215B2249005523C3 /* escapeTests.xctest */ = {isa = PBXFileReference; explicitFileType = wrapper.cfbundle; includeInIndex = 0; path = escapeTests.xctest; sourceTree = BUILT_PRODUCTS_DIR; };
		24BA0E54215B224A005523C3 /* escapeTests.swift */ = {isa = PBXFileReference; lastKnownFileType = sourcecode.swift; path = escapeTests.swift; sourceTree = "<group>"; };
		24BA0E56215B224A005523C3 /* Info.plist */ = {isa = PBXFileReference; lastKnownFileType = text.plist.xml; path = Info.plist; sourceTree = "<group>"; };
		24BA0E5B215B224A005523C3 /* escapeUITests.xctest */ = {isa = PBXFileReference; explicitFileType = wrapper.cfbundle; includeInIndex = 0; path = escapeUITests.xctest; sourceTree = BUILT_PRODUCTS_DIR; };
		24BA0E5F215B224A005523C3 /* escapeUITests.swift */ = {isa = PBXFileReference; lastKnownFileType = sourcecode.swift; path = escapeUITests.swift; sourceTree = "<group>"; };
		24BA0E61215B224A005523C3 /* Info.plist */ = {isa = PBXFileReference; lastKnownFileType = text.plist.xml; path = Info.plist; sourceTree = "<group>"; };
/* End PBXFileReference section */

/* Begin PBXFrameworksBuildPhase section */
		24BA0E33215B2248005523C3 /* Frameworks */ = {
			isa = PBXFrameworksBuildPhase;
			buildActionMask = 2147483647;
			files = (
			);
			runOnlyForDeploymentPostprocessing = 0;
		};
		24BA0E4D215B2249005523C3 /* Frameworks */ = {
			isa = PBXFrameworksBuildPhase;
			buildActionMask = 2147483647;
			files = (
			);
			runOnlyForDeploymentPostprocessing = 0;
		};
		24BA0E58215B224A005523C3 /* Frameworks */ = {
			isa = PBXFrameworksBuildPhase;
			buildActionMask = 2147483647;
			files = (
			);
			runOnlyForDeploymentPostprocessing = 0;
		};
/* End PBXFrameworksBuildPhase section */

/* Begin PBXGroup section */
		24BA0E2D215B2248005523C3 = {
			isa = PBXGroup;
			children = (
				24BA0E38215B2249005523C3 /* escape */,
				24BA0E53215B224A005523C3 /* escapeTests */,
				24BA0E5E215B224A005523C3 /* escapeUITests */,
				24BA0E37215B2248005523C3 /* Products */,
			);
			sourceTree = "<group>";
		};
		24BA0E37215B2248005523C3 /* Products */ = {
			isa = PBXGroup;
			children = (
				24BA0E36215B2248005523C3 /* escape.app */,
				24BA0E50215B2249005523C3 /* escapeTests.xctest */,
				24BA0E5B215B224A005523C3 /* escapeUITests.xctest */,
			);
			name = Products;
			sourceTree = "<group>";
		};
		24BA0E38215B2249005523C3 /* escape */ = {
			isa = PBXGroup;
			children = (
				24BA0E39215B2249005523C3 /* AppDelegate.swift */,
				24BA0E3B215B2249005523C3 /* GameScene.sks */,
				24BA0E3D215B2249005523C3 /* Actions.sks */,
				24036833216DCC3800BFA26C /* r4.mp3 */,
				24BA0E3F215B2249005523C3 /* GameScene.swift */,
				24BA0E41215B2249005523C3 /* GameViewController.swift */,
				24BA0E43215B2249005523C3 /* Main.storyboard */,
				24BA0E46215B2249005523C3 /* Assets.xcassets */,
				24BA0E48215B2249005523C3 /* LaunchScreen.storyboard */,
				24BA0E4B215B2249005523C3 /* Info.plist */,
			);
			path = escape;
			sourceTree = "<group>";
		};
		24BA0E53215B224A005523C3 /* escapeTests */ = {
			isa = PBXGroup;
			children = (
				24BA0E54215B224A005523C3 /* escapeTests.swift */,
				24BA0E56215B224A005523C3 /* Info.plist */,
			);
			path = escapeTests;
			sourceTree = "<group>";
		};
		24BA0E5E215B224A005523C3 /* escapeUITests */ = {
			isa = PBXGroup;
			children = (
				24BA0E5F215B224A005523C3 /* escapeUITests.swift */,
				24BA0E61215B224A005523C3 /* Info.plist */,
			);
			path = escapeUITests;
			sourceTree = "<group>";
		};
/* End PBXGroup section */

/* Begin PBXNativeTarget section */
		24BA0E35215B2248005523C3 /* escape */ = {
			isa = PBXNativeTarget;
			buildConfigurationList = 24BA0E64215B224A005523C3 /* Build configuration list for PBXNativeTarget "escape" */;
			buildPhases = (
				24BA0E32215B2248005523C3 /* Sources */,
				24BA0E33215B2248005523C3 /* Frameworks */,
				24BA0E34215B2248005523C3 /* Resources */,
			);
			buildRules = (
			);
			dependencies = (
			);
			name = escape;
			productName = escape;
			productReference = 24BA0E36215B2248005523C3 /* escape.app */;
			productType = "com.apple.product-type.application";
		};
		24BA0E4F215B2249005523C3 /* escapeTests */ = {
			isa = PBXNativeTarget;
			buildConfigurationList = 24BA0E67215B224A005523C3 /* Build configuration list for PBXNativeTarget "escapeTests" */;
			buildPhases = (
				24BA0E4C215B2249005523C3 /* Sources */,
				24BA0E4D215B2249005523C3 /* Frameworks */,
				24BA0E4E215B2249005523C3 /* Resources */,
			);
			buildRules = (
			);
			dependencies = (
				24BA0E52215B224A005523C3 /* PBXTargetDependency */,
			);
			name = escapeTests;
			productName = escapeTests;
			productReference = 24BA0E50215B2249005523C3 /* escapeTests.xctest */;
			productType = "com.apple.product-type.bundle.unit-test";
		};
		24BA0E5A215B224A005523C3 /* escapeUITests */ = {
			isa = PBXNativeTarget;
			buildConfigurationList = 24BA0E6A215B224A005523C3 /* Build configuration list for PBXNativeTarget "escapeUITests" */;
			buildPhases = (
				24BA0E57215B224A005523C3 /* Sources */,
				24BA0E58215B224A005523C3 /* Frameworks */,
				24BA0E59215B224A005523C3 /* Resources */,
			);
			buildRules = (
			);
			dependencies = (
				24BA0E5D215B224A005523C3 /* PBXTargetDependency */,
			);
			name = escapeUITests;
			productName = escapeUITests;
			productReference = 24BA0E5B215B224A005523C3 /* escapeUITests.xctest */;
			productType = "com.apple.product-type.bundle.ui-testing";
		};
/* End PBXNativeTarget section */

/* Begin PBXProject section */
		24BA0E2E215B2248005523C3 /* Project object */ = {
			isa = PBXProject;
			attributes = {
				LastSwiftUpdateCheck = 0820;
				LastUpgradeCheck = 0820;
				ORGANIZATIONNAME = tcs14047;
				TargetAttributes = {
					24BA0E35215B2248005523C3 = {
						CreatedOnToolsVersion = 8.2.1;
						ProvisioningStyle = Automatic;
					};
					24BA0E4F215B2249005523C3 = {
						CreatedOnToolsVersion = 8.2.1;
						ProvisioningStyle = Automatic;
						TestTargetID = 24BA0E35215B2248005523C3;
					};
					24BA0E5A215B224A005523C3 = {
						CreatedOnToolsVersion = 8.2.1;
						ProvisioningStyle = Automatic;
						TestTargetID = 24BA0E35215B2248005523C3;
					};
				};
			};
			buildConfigurationList = 24BA0E31215B2248005523C3 /* Build configuration list for PBXProject "escape" */;
			compatibilityVersion = "Xcode 3.2";
			developmentRegion = English;
			hasScannedForEncodings = 0;
			knownRegions = (
				en,
				Base,
			);
			mainGroup = 24BA0E2D215B2248005523C3;
			productRefGroup = 24BA0E37215B2248005523C3 /* Products */;
			projectDirPath = "";
			projectRoot = "";
			targets = (
				24BA0E35215B2248005523C3 /* escape */,
				24BA0E4F215B2249005523C3 /* escapeTests */,
				24BA0E5A215B224A005523C3 /* escapeUITests */,
			);
		};
/* End PBXProject section */

/* Begin PBXResourcesBuildPhase section */
		24BA0E34215B2248005523C3 /* Resources */ = {
			isa = PBXResourcesBuildPhase;
			buildActionMask = 2147483647;
			files = (
				24036834216DCC3800BFA26C /* r4.mp3 in Resources */,
				24BA0E45215B2249005523C3 /* Main.storyboard in Resources */,
				24BA0E3C215B2249005523C3 /* GameScene.sks in Resources */,
				24BA0E47215B2249005523C3 /* Assets.xcassets in Resources */,
				24BA0E4A215B2249005523C3 /* LaunchScreen.storyboard in Resources */,
				24BA0E3E215B2249005523C3 /* Actions.sks in Resources */,
			);
			runOnlyForDeploymentPostprocessing = 0;
		};
		24BA0E4E215B2249005523C3 /* Resources */ = {
			isa = PBXResourcesBuildPhase;
			buildActionMask = 2147483647;
			files = (
			);
			runOnlyForDeploymentPostprocessing = 0;
		};
		24BA0E59215B224A005523C3 /* Resources */ = {
			isa = PBXResourcesBuildPhase;
			buildActionMask = 2147483647;
			files = (
			);
			runOnlyForDeploymentPostprocessing = 0;
		};
/* End PBXResourcesBuildPhase section */

/* Begin PBXSourcesBuildPhase section */
		24BA0E32215B2248005523C3 /* Sources */ = {
			isa = PBXSourcesBuildPhase;
			buildActionMask = 2147483647;
			files = (
				24BA0E40215B2249005523C3 /* GameScene.swift in Sources */,
				24BA0E42215B2249005523C3 /* GameViewController.swift in Sources */,
				24BA0E3A215B2249005523C3 /* AppDelegate.swift in Sources */,
			);
			runOnlyForDeploymentPostprocessing = 0;
		};
		24BA0E4C215B2249005523C3 /* Sources */ = {
			isa = PBXSourcesBuildPhase;
			buildActionMask = 2147483647;
			files = (
				24BA0E55215B224A005523C3 /* escapeTests.swift in Sources */,
			);
			runOnlyForDeploymentPostprocessing = 0;
		};
		24BA0E57215B224A005523C3 /* Sources */ = {
			isa = PBXSourcesBuildPhase;
			buildActionMask = 2147483647;
			files = (
				24BA0E60215B224A005523C3 /* escapeUITests.swift in Sources */,
			);
			runOnlyForDeploymentPostprocessing = 0;
		};
/* End PBXSourcesBuildPhase section */

/* Begin PBXTargetDependency section */
		24BA0E52215B224A005523C3 /* PBXTargetDependency */ = {
			isa = PBXTargetDependency;
			target = 24BA0E35215B2248005523C3 /* escape */;
			targetProxy = 24BA0E51215B224A005523C3 /* PBXContainerItemProxy */;
		};
		24BA0E5D215B224A005523C3 /* PBXTargetDependency */ = {
			isa = PBXTargetDependency;
			target = 24BA0E35215B2248005523C3 /* escape */;
			targetProxy = 24BA0E5C215B224A005523C3 /* PBXContainerItemProxy */;
		};
/* End PBXTargetDependency section */

/* Begin PBXVariantGroup section */
		24BA0E43215B2249005523C3 /* Main.storyboard */ = {
			isa = PBXVariantGroup;
			children = (
				24BA0E44215B2249005523C3 /* Base */,
			);
			name = Main.storyboard;
			sourceTree = "<group>";
		};
		24BA0E48215B2249005523C3 /* LaunchScreen.storyboard */ = {
			isa = PBXVariantGroup;
			children = (
				24BA0E49215B2249005523C3 /* Base */,
			);
			name = LaunchScreen.storyboard;
			sourceTree = "<group>";
		};
/* End PBXVariantGroup section */

/* Begin XCBuildConfiguration section */
		24BA0E62215B224A005523C3 /* Debug */ = {
			isa = XCBuildConfiguration;
			buildSettings = {
				ALWAYS_SEARCH_USER_PATHS = NO;
				CLANG_ANALYZER_NONNULL = YES;
				CLANG_CXX_LANGUAGE_STANDARD = "gnu++0x";
				CLANG_CXX_LIBRARY = "libc++";
				CLANG_ENABLE_MODULES = YES;
				CLANG_ENABLE_OBJC_ARC = YES;
				CLANG_WARN_BOOL_CONVERSION = YES;
				CLANG_WARN_CONSTANT_CONVERSION = YES;
				CLANG_WARN_DIRECT_OBJC_ISA_USAGE = YES_ERROR;
				CLANG_WARN_DOCUMENTATION_COMMENTS = YES;
				CLANG_WARN_EMPTY_BODY = YES;
				CLANG_WARN_ENUM_CONVERSION = YES;
				CLANG_WARN_INFINITE_RECURSION = YES;
				CLANG_WARN_INT_CONVERSION = YES;
				CLANG_WARN_OBJC_ROOT_CLASS = YES_ERROR;
				CLANG_WARN_SUSPICIOUS_MOVE = YES;
				CLANG_WARN_UNREACHABLE_CODE = YES;
				CLANG_WARN__DUPLICATE_METHOD_MATCH = YES;
				"CODE_SIGN_IDENTITY[sdk=iphoneos*]" = "iPhone Developer";
				COPY_PHASE_STRIP = NO;
				DEBUG_INFORMATION_FORMAT = dwarf;
				ENABLE_STRICT_OBJC_MSGSEND = YES;
				ENABLE_TESTABILITY = YES;
				GCC_C_LANGUAGE_STANDARD = gnu99;
				GCC_DYNAMIC_NO_PIC = NO;
				GCC_NO_COMMON_BLOCKS = YES;
				GCC_OPTIMIZATION_LEVEL = 0;
				GCC_PREPROCESSOR_DEFINITIONS = (
					"DEBUG=1",
					"$(inherited)",
				);
				GCC_WARN_64_TO_32_BIT_CONVERSION = YES;
				GCC_WARN_ABOUT_RETURN_TYPE = YES_ERROR;
				GCC_WARN_UNDECLARED_SELECTOR = YES;
				GCC_WARN_UNINITIALIZED_AUTOS = YES_AGGRESSIVE;
				GCC_WARN_UNUSED_FUNCTION = YES;
				GCC_WARN_UNUSED_VARIABLE = YES;
				IPHONEOS_DEPLOYMENT_TARGET = 10.2;
				MTL_ENABLE_DEBUG_INFO = YES;
				ONLY_ACTIVE_ARCH = YES;
				SDKROOT = iphoneos;
				SWIFT_ACTIVE_COMPILATION_CONDITIONS = DEBUG;
				SWIFT_OPTIMIZATION_LEVEL = "-Onone";
				TARGETED_DEVICE_FAMILY = "1,2";
			};
			name = Debug;
		};
		24BA0E63215B224A005523C3 /* Release */ = {
			isa = XCBuildConfiguration;
			buildSettings = {
				ALWAYS_SEARCH_USER_PATHS = NO;
				CLANG_ANALYZER_NONNULL = YES;
				CLANG_CXX_LANGUAGE_STANDARD = "gnu++0x";
				CLANG_CXX_LIBRARY = "libc++";
				CLANG_ENABLE_MODULES = YES;
				CLANG_ENABLE_OBJC_ARC = YES;
				CLANG_WARN_BOOL_CONVERSION = YES;
				CLANG_WARN_CONSTANT_CONVERSION = YES;
				CLANG_WARN_DIRECT_OBJC_ISA_USAGE = YES_ERROR;
				CLANG_WARN_DOCUMENTATION_COMMENTS = YES;
				CLANG_WARN_EMPTY_BODY = YES;
				CLANG_WARN_ENUM_CONVERSION = YES;
				CLANG_WARN_INFINITE_RECURSION = YES;
				CLANG_WARN_INT_CONVERSION = YES;
				CLANG_WARN_OBJC_ROOT_CLASS = YES_ERROR;
				CLANG_WARN_SUSPICIOUS_MOVE = YES;
				CLANG_WARN_UNREACHABLE_CODE = YES;
				CLANG_WARN__DUPLICATE_METHOD_MATCH = YES;
				"CODE_SIGN_IDENTITY[sdk=iphoneos*]" = "iPhone Developer";
				COPY_PHASE_STRIP = NO;
				DEBUG_INFORMATION_FORMAT = "dwarf-with-dsym";
				ENABLE_NS_ASSERTIONS = NO;
				ENABLE_STRICT_OBJC_MSGSEND = YES;
				GCC_C_LANGUAGE_STANDARD = gnu99;
				GCC_NO_COMMON_BLOCKS = YES;
				GCC_WARN_64_TO_32_BIT_CONVERSION = YES;
				GCC_WARN_ABOUT_RETURN_TYPE = YES_ERROR;
				GCC_WARN_UNDECLARED_SELECTOR = YES;
				GCC_WARN_UNINITIALIZED_AUTOS = YES_AGGRESSIVE;
				GCC_WARN_UNUSED_FUNCTION = YES;
				GCC_WARN_UNUSED_VARIABLE = YES;
				IPHONEOS_DEPLOYMENT_TARGET = 10.2;
				MTL_ENABLE_DEBUG_INFO = NO;
				SDKROOT = iphoneos;
				SWIFT_OPTIMIZATION_LEVEL = "-Owholemodule";
				TARGETED_DEVICE_FAMILY = "1,2";
				VALIDATE_PRODUCT = YES;
			};
			name = Release;
		};
		24BA0E65215B224A005523C3 /* Debug */ = {
			isa = XCBuildConfiguration;
			buildSettings = {
				INFOPLIST_FILE = escape/Info.plist;
				IPHONEOS_DEPLOYMENT_TARGET = 10.2;
				LD_RUNPATH_SEARCH_PATHS = "$(inherited) @executable_path/Frameworks";
				PRODUCT_BUNDLE_IDENTIFIER = tcs.escape;
				PRODUCT_NAME = "$(TARGET_NAME)";
				SWIFT_VERSION = 3.0;
			};
			name = Debug;
		};
		24BA0E66215B224A005523C3 /* Release */ = {
			isa = XCBuildConfiguration;
			buildSettings = {
				INFOPLIST_FILE = escape/Info.plist;
				IPHONEOS_DEPLOYMENT_TARGET = 10.2;
				LD_RUNPATH_SEARCH_PATHS = "$(inherited) @executable_path/Frameworks";
				PRODUCT_BUNDLE_IDENTIFIER = tcs.escape;
				PRODUCT_NAME = "$(TARGET_NAME)";
				SWIFT_VERSION = 3.0;
			};
			name = Release;
		};
		24BA0E68215B224A005523C3 /* Debug */ = {
			isa = XCBuildConfiguration;
			buildSettings = {
				ALWAYS_EMBED_SWIFT_STANDARD_LIBRARIES = YES;
				BUNDLE_LOADER = "$(TEST_HOST)";
				INFOPLIST_FILE = escapeTests/Info.plist;
				LD_RUNPATH_SEARCH_PATHS = "$(inherited) @executable_path/Frameworks @loader_path/Frameworks";
				PRODUCT_BUNDLE_IDENTIFIER = tcs.escapeTests;
				PRODUCT_NAME = "$(TARGET_NAME)";
				SWIFT_VERSION = 3.0;
				TEST_HOST = "$(BUILT_PRODUCTS_DIR)/escape.app/escape";
			};
			name = Debug;
		};
		24BA0E69215B224A005523C3 /* Release */ = {
			isa = XCBuildConfiguration;
			buildSettings = {
				ALWAYS_EMBED_SWIFT_STANDARD_LIBRARIES = YES;
				BUNDLE_LOADER = "$(TEST_HOST)";
				INFOPLIST_FILE = escapeTests/Info.plist;
				LD_RUNPATH_SEARCH_PATHS = "$(inherited) @executable_path/Frameworks @loader_path/Frameworks";
				PRODUCT_BUNDLE_IDENTIFIER = tcs.escapeTests;
				PRODUCT_NAME = "$(TARGET_NAME)";
				SWIFT_VERSION = 3.0;
				TEST_HOST = "$(BUILT_PRODUCTS_DIR)/escape.app/escape";
			};
			name = Release;
		};
		24BA0E6B215B224A005523C3 /* Debug */ = {
			isa = XCBuildConfiguration;
			buildSettings = {
				ALWAYS_EMBED_SWIFT_STANDARD_LIBRARIES = YES;
				INFOPLIST_FILE = escapeUITests/Info.plist;
				LD_RUNPATH_SEARCH_PATHS = "$(inherited) @executable_path/Frameworks @loader_path/Frameworks";
				PRODUCT_BUNDLE_IDENTIFIER = tcs.escapeUITests;
				PRODUCT_NAME = "$(TARGET_NAME)";
				SWIFT_VERSION = 3.0;
				TEST_TARGET_NAME = escape;
			};
			name = Debug;
		};
		24BA0E6C215B224A005523C3 /* Release */ = {
			isa = XCBuildConfiguration;
			buildSettings = {
				ALWAYS_EMBED_SWIFT_STANDARD_LIBRARIES = YES;
				INFOPLIST_FILE = escapeUITests/Info.plist;
				LD_RUNPATH_SEARCH_PATHS = "$(inherited) @executable_path/Frameworks @loader_path/Frameworks";
				PRODUCT_BUNDLE_IDENTIFIER = tcs.escapeUITests;
				PRODUCT_NAME = "$(TARGET_NAME)";
				SWIFT_VERSION = 3.0;
				TEST_TARGET_NAME = escape;
			};
			name = Release;
		};
/* End XCBuildConfiguration section */

/* Begin XCConfigurationList section */
		24BA0E31215B2248005523C3 /* Build configuration list for PBXProject "escape" */ = {
			isa = XCConfigurationList;
			buildConfigurations = (
				24BA0E62215B224A005523C3 /* Debug */,
				24BA0E63215B224A005523C3 /* Release */,
			);
			defaultConfigurationIsVisible = 0;
			defaultConfigurationName = Release;
		};
		24BA0E64215B224A005523C3 /* Build configuration list for PBXNativeTarget "escape" */ = {
			isa = XCConfigurationList;
			buildConfigurations = (
				24BA0E65215B224A005523C3 /* Debug */,
				24BA0E66215B224A005523C3 /* Release */,
			);
			defaultConfigurationIsVisible = 0;
			defaultConfigurationName = Release;
		};
		24BA0E67215B224A005523C3 /* Build configuration list for PBXNativeTarget "escapeTests" */ = {
			isa = XCConfigurationList;
			buildConfigurations = (
				24BA0E68215B224A005523C3 /* Debug */,
				24BA0E69215B224A005523C3 /* Release */,
			);
			defaultConfigurationIsVisible = 0;
			defaultConfigurationName = Release;
		};
		24BA0E6A215B224A005523C3 /* Build configuration list for PBXNativeTarget "escapeUITests" */ = {
			isa = XCConfigurationList;
			buildConfigurations = (
				24BA0E6B215B224A005523C3 /* Debug */,
				24BA0E6C215B224A005523C3 /* Release */,
			);
			defaultConfigurationIsVisible = 0;
			defaultConfigurationName = Release;
		};
/* End XCConfigurationList section */
	};
	rootObject = 24BA0E2E215B2248005523C3 /* Project object */;
}
